
Microsoft Visual Studio Solution File, Format Version 12.00
# Visual Studio Version 17
VisualStudioVersion = 17.10.35013.160
MinimumVisualStudioVersion = 10.0.40219.1
Project("{FAE04EC0-301F-11D3-BF4B-00C04F79EFBC}") = "BookStore", "BookStore\BookStore.csproj", "{3BE94CFB-BECB-4C43-A095-93C1B3E59A61}"
EndProject
Global
	GlobalSection(SolutionConfigurationPlatforms) = preSolution
		Debug|Any CPU = Debug|Any CPU
		Release|Any CPU = Release|Any CPU
	EndGlobalSection
	GlobalSection(ProjectConfigurationPlatforms) = postSolution
		{3BE94CFB-BECB-4C43-A095-93C1B3E59A61}.Debug|Any CPU.ActiveCfg = Debug|Any CPU
		{3BE94CFB-BECB-4C43-A095-93C1B3E59A61}.Debug|Any CPU.Build.0 = Debug|Any CPU
		{3BE94CFB-BECB-4C43-A095-93C1B3E59A61}.Release|Any CPU.ActiveCfg = Release|Any CPU
		{3BE94CFB-BECB-4C43-A095-93C1B3E59A61}.Release|Any CPU.Build.0 = Release|Any CPU
	EndGlobalSection
	GlobalSection(SolutionProperties) = preSolution
		HideSolutionNode = FALSE
	EndGlobalSection
	GlobalSection(ExtensibilityGlobals) = postSolution
		SolutionGuid = {B47AA02B-F294-4746-B54D-135F57D5BA90}
	EndGlobalSection
EndGlobal
